
Microsoft Visual Studio Solution File, Format Version 12.00
# Visual Studio Version 17
VisualStudioVersion = 17.11.35303.130
MinimumVisualStudioVersion = 10.0.40219.1
Project("{FAE04EC0-301F-11D3-BF4B-00C04F79EFBC}") = "TimeSheetAPI", "TimeSheetAPI\TimeSheetAPI.csproj", "{B0AA416D-62E7-46A9-8291-7CDEE8BF1173}"
EndProject
Global
	GlobalSection(SolutionConfigurationPlatforms) = preSolution
		Debug|Any CPU = Debug|Any CPU
		Release|Any CPU = Release|Any CPU
	EndGlobalSection
	GlobalSection(ProjectConfigurationPlatforms) = postSolution
		{B0AA416D-62E7-46A9-8291-7CDEE8BF1173}.Debug|Any CPU.ActiveCfg = Debug|Any CPU
		{B0AA416D-62E7-46A9-8291-7CDEE8BF1173}.Debug|Any CPU.Build.0 = Debug|Any CPU
		{B0AA416D-62E7-46A9-8291-7CDEE8BF1173}.Release|Any CPU.ActiveCfg = Release|Any CPU
		{B0AA416D-62E7-46A9-8291-7CDEE8BF1173}.Release|Any CPU.Build.0 = Release|Any CPU
	EndGlobalSection
	GlobalSection(SolutionProperties) = preSolution
		HideSolutionNode = FALSE
	EndGlobalSection
	GlobalSection(ExtensibilityGlobals) = postSolution
		SolutionGuid = {AA5BAF01-1821-4110-AA7C-91936287121E}
	EndGlobalSection
EndGlobal
